
Microsoft Visual Studio Solution File, Format Version 12.00
# Visual Studio Version 17
VisualStudioVersion = 17.1.32407.343
MinimumVisualStudioVersion = 10.0.40219.1
Project("{FAE04EC0-301F-11D3-BF4B-00C04F79EFBC}") = "NTA-Email", "NTA-Email\NTA-Email.csproj", "{A7E4A9F1-D122-44D5-B93E-1327D3BBFEAE}"
EndProject
Global
	GlobalSection(SolutionConfigurationPlatforms) = preSolution
		Debug|Any CPU = Debug|Any CPU
		Release|Any CPU = Release|Any CPU
	EndGlobalSection
	GlobalSection(ProjectConfigurationPlatforms) = postSolution
		{A7E4A9F1-D122-44D5-B93E-1327D3BBFEAE}.Debug|Any CPU.ActiveCfg = Debug|Any CPU
		{A7E4A9F1-D122-44D5-B93E-1327D3BBFEAE}.Debug|Any CPU.Build.0 = Debug|Any CPU
		{A7E4A9F1-D122-44D5-B93E-1327D3BBFEAE}.Release|Any CPU.ActiveCfg = Release|Any CPU
		{A7E4A9F1-D122-44D5-B93E-1327D3BBFEAE}.Release|Any CPU.Build.0 = Release|Any CPU
	EndGlobalSection
	GlobalSection(SolutionProperties) = preSolution
		HideSolutionNode = FALSE
	EndGlobalSection
	GlobalSection(ExtensibilityGlobals) = postSolution
		SolutionGuid = {1B844828-0315-489B-B9F4-0324ACD25BE4}
	EndGlobalSection
EndGlobal
